
Microsoft Visual Studio Solution File, Format Version 12.00
# Visual Studio Version 16
VisualStudioVersion = 16.0.31019.35
MinimumVisualStudioVersion = 10.0.40219.1
Project("{8BC9CEB8-8B4A-11D0-8D11-00A0C91BC942}") = "random", "random.vcxproj", "{B86B23CF-6CB7-4672-8E4D-1EF8B8EFB296}"
EndProject
Global
	GlobalSection(SolutionConfigurationPlatforms) = preSolution
		Debug|x64 = Debug|x64
		Debug|x86 = Debug|x86
		Release|x64 = Release|x64
		Release|x86 = Release|x86
	EndGlobalSection
	GlobalSection(ProjectConfigurationPlatforms) = postSolution
		{B86B23CF-6CB7-4672-8E4D-1EF8B8EFB296}.Debug|x64.ActiveCfg = Debug|x64
		{B86B23CF-6CB7-4672-8E4D-1EF8B8EFB296}.Debug|x64.Build.0 = Debug|x64
		{B86B23CF-6CB7-4672-8E4D-1EF8B8EFB296}.Debug|x86.ActiveCfg = Debug|Win32
		{B86B23CF-6CB7-4672-8E4D-1EF8B8EFB296}.Debug|x86.Build.0 = Debug|Win32
		{B86B23CF-6CB7-4672-8E4D-1EF8B8EFB296}.Release|x64.ActiveCfg = Release|x64
		{B86B23CF-6CB7-4672-8E4D-1EF8B8EFB296}.Release|x64.Build.0 = Release|x64
		{B86B23CF-6CB7-4672-8E4D-1EF8B8EFB296}.Release|x86.ActiveCfg = Release|Win32
		{B86B23CF-6CB7-4672-8E4D-1EF8B8EFB296}.Release|x86.Build.0 = Release|Win32
	EndGlobalSection
	GlobalSection(SolutionProperties) = preSolution
		HideSolutionNode = FALSE
	EndGlobalSection
	GlobalSection(ExtensibilityGlobals) = postSolution
		SolutionGuid = {712D5983-DBB6-46D8-8859-3EF47454EA2C}
	EndGlobalSection
EndGlobal
